
Microsoft Visual Studio Solution File, Format Version 12.00
# Visual Studio Version 17
VisualStudioVersion = 17.7.34031.279
MinimumVisualStudioVersion = 10.0.40219.1
Project("{BBD0F5D1-1CC4-42FD-BA4C-A96779C64378}") = "VMSLib", "projects\VMSLib.synproj", "{8F421920-EB27-4165-B001-78FCB5D27090}"
EndProject
Project("{2150E333-8FDC-42A3-9474-1A3956D46DE8}") = "Solution Items", "Solution Items", "{E9FFC4ED-638B-4C22-87F7-E93C15B6EFAD}"
	ProjectSection(SolutionItems) = preProject
		LICENSE.md = LICENSE.md
		README.md = README.md
	EndProjectSection
EndProject
Project("{2150E333-8FDC-42A3-9474-1A3956D46DE8}") = "dblstarlet", "dblstarlet", "{5B725C51-35ED-4101-BC5D-ACCE10F6D333}"
	ProjectSection(SolutionItems) = preProject
		dblstarlet\$$SMGMSGDEF.DBL = dblstarlet\$$SMGMSGDEF.DBL
		dblstarlet\$ABDDEF.DBL = dblstarlet\$ABDDEF.DBL
		dblstarlet\$ACLDEF.DBL = dblstarlet\$ACLDEF.DBL
		dblstarlet\$ARMDEF.DBL = dblstarlet\$ARMDEF.DBL
		dblstarlet\$ATRDEF.DBL = dblstarlet\$ATRDEF.DBL
		dblstarlet\$BRKDEF.DBL = dblstarlet\$BRKDEF.DBL
		dblstarlet\$CHPDEF.DBL = dblstarlet\$CHPDEF.DBL
		dblstarlet\$CLIDEF.DBL = dblstarlet\$CLIDEF.DBL
		dblstarlet\$CLIMSGDEF.DBL = dblstarlet\$CLIMSGDEF.DBL
		dblstarlet\$CMBDEF.DBL = dblstarlet\$CMBDEF.DBL
		dblstarlet\$CREDEF.DBL = dblstarlet\$CREDEF.DBL
		dblstarlet\$DCDEF.DBL = dblstarlet\$DCDEF.DBL
		dblstarlet\$DEVDEF.DBL = dblstarlet\$DEVDEF.DBL
		dblstarlet\$DMTDEF.DBL = dblstarlet\$DMTDEF.DBL
		dblstarlet\$DSCDEF.DBL = dblstarlet\$DSCDEF.DBL
		dblstarlet\$DVIDEF.DBL = dblstarlet\$DVIDEF.DBL
		dblstarlet\$FABDEF.DBL = dblstarlet\$FABDEF.DBL
		dblstarlet\$FDLDEF.DBL = dblstarlet\$FDLDEF.DBL
		dblstarlet\$FIBDEF.DBL = dblstarlet\$FIBDEF.DBL
		dblstarlet\$FSCNDEF.DBL = dblstarlet\$FSCNDEF.DBL
		dblstarlet\$HLPDEF.DBL = dblstarlet\$HLPDEF.DBL
		dblstarlet\$IMPDEF.DBL = dblstarlet\$IMPDEF.DBL
		dblstarlet\$IODEF.DBL = dblstarlet\$IODEF.DBL
		dblstarlet\$JBCMSGDEF.DBL = dblstarlet\$JBCMSGDEF.DBL
		dblstarlet\$JPIDEF.DBL = dblstarlet\$JPIDEF.DBL
		dblstarlet\$LBRDEF.DBL = dblstarlet\$LBRDEF.DBL
		dblstarlet\$LCKDEF.DBL = dblstarlet\$LCKDEF.DBL
		dblstarlet\$LIBDEF.DBL = dblstarlet\$LIBDEF.DBL
		dblstarlet\$LIBDTDEF.DBL = dblstarlet\$LIBDTDEF.DBL
		dblstarlet\$LICENSEDEF.DBL = dblstarlet\$LICENSEDEF.DBL
		dblstarlet\$LKIDEF.DBL = dblstarlet\$LKIDEF.DBL
		dblstarlet\$LNMDEF.DBL = dblstarlet\$LNMDEF.DBL
		dblstarlet\$MAILDEF.DBL = dblstarlet\$MAILDEF.DBL
		dblstarlet\$MAILMSGDEF.DBL = dblstarlet\$MAILMSGDEF.DBL
		dblstarlet\$MNTDEF.DBL = dblstarlet\$MNTDEF.DBL
		dblstarlet\$MSGDEF.DBL = dblstarlet\$MSGDEF.DBL
		dblstarlet\$NAMDEF.DBL = dblstarlet\$NAMDEF.DBL
		dblstarlet\$OBJDEF.DBL = dblstarlet\$OBJDEF.DBL
		dblstarlet\$OPCDEF.DBL = dblstarlet\$OPCDEF.DBL
		dblstarlet\$PQLDEF.DBL = dblstarlet\$PQLDEF.DBL
		dblstarlet\$PRCDEF.DBL = dblstarlet\$PRCDEF.DBL
		dblstarlet\$PRVDEF.DBL = dblstarlet\$PRVDEF.DBL
		dblstarlet\$PSCANDEF.DBL = dblstarlet\$PSCANDEF.DBL
		dblstarlet\$PSLDEF.DBL = dblstarlet\$PSLDEF.DBL
		dblstarlet\$QUIDEF.DBL = dblstarlet\$QUIDEF.DBL
		dblstarlet\$RABDEF.DBL = dblstarlet\$RABDEF.DBL
		dblstarlet\$RMSDEF.DBL = dblstarlet\$RMSDEF.DBL
		dblstarlet\$SJCDEF.DBL = dblstarlet\$SJCDEF.DBL
		dblstarlet\$SMGDEF.DBL = dblstarlet\$SMGDEF.DBL
		dblstarlet\$SSDEF.DBL = dblstarlet\$SSDEF.DBL
		dblstarlet\$STRDEF.DBL = dblstarlet\$STRDEF.DBL
		dblstarlet\$STSDEF.DBL = dblstarlet\$STSDEF.DBL
		dblstarlet\$SYIDEF.DBL = dblstarlet\$SYIDEF.DBL
		dblstarlet\$TRMDEF.DBL = dblstarlet\$TRMDEF.DBL
		dblstarlet\$TT2DEF.DBL = dblstarlet\$TT2DEF.DBL
		dblstarlet\$TTDEF.DBL = dblstarlet\$TTDEF.DBL
		dblstarlet\$UAIDEF.DBL = dblstarlet\$UAIDEF.DBL
		dblstarlet\$XABALLDEF.DBL = dblstarlet\$XABALLDEF.DBL
		dblstarlet\$XABDATDEF.DBL = dblstarlet\$XABDATDEF.DBL
		dblstarlet\$XABDEF.DBL = dblstarlet\$XABDEF.DBL
		dblstarlet\DBL$SNDOPR.DBL = dblstarlet\DBL$SNDOPR.DBL
		dblstarlet\FABDEF.DBL = dblstarlet\FABDEF.DBL
		dblstarlet\GETFA_VALUES.DBL = dblstarlet\GETFA_VALUES.DBL
		dblstarlet\KEYDEFS.DBL = dblstarlet\KEYDEFS.DBL
		dblstarlet\LAT.DBL = dblstarlet\LAT.DBL
		dblstarlet\LATMSGDEF.DBL = dblstarlet\LATMSGDEF.DBL
		dblstarlet\NAMDEF.DBL = dblstarlet\NAMDEF.DBL
		dblstarlet\RABDEF.DBL = dblstarlet\RABDEF.DBL
		dblstarlet\SORTERRS.DBL = dblstarlet\SORTERRS.DBL
		dblstarlet\SORTPARMS.DBL = dblstarlet\SORTPARMS.DBL
		dblstarlet\TTCHAR.DBL = dblstarlet\TTCHAR.DBL
	EndProjectSection
EndProject
Project("{BBD0F5D1-1CC4-42FD-BA4C-A96779C64378}") = "VMSNetCoreLibrary", "projects\VMSNetCoreLibrary\VMSNetCoreLibrary.synproj", "{C78503C8-E2CB-4630-A226-2A6CFC8EEFF1}"
EndProject
Global
	GlobalSection(SolutionConfigurationPlatforms) = preSolution
		Debug|Any CPU = Debug|Any CPU
		Debug|VMS = Debug|VMS
		Debug|x64 = Debug|x64
		Debug|x86 = Debug|x86
		Release|Any CPU = Release|Any CPU
		Release|VMS = Release|VMS
		Release|x64 = Release|x64
		Release|x86 = Release|x86
	EndGlobalSection
	GlobalSection(ProjectConfigurationPlatforms) = postSolution
		{8F421920-EB27-4165-B001-78FCB5D27090}.Debug|Any CPU.ActiveCfg = Debug|x64
		{8F421920-EB27-4165-B001-78FCB5D27090}.Debug|Any CPU.Build.0 = Debug|x64
		{8F421920-EB27-4165-B001-78FCB5D27090}.Debug|VMS.ActiveCfg = Debug|VMS
		{8F421920-EB27-4165-B001-78FCB5D27090}.Debug|VMS.Build.0 = Debug|VMS
		{8F421920-EB27-4165-B001-78FCB5D27090}.Debug|x64.ActiveCfg = Debug|x64
		{8F421920-EB27-4165-B001-78FCB5D27090}.Debug|x64.Build.0 = Debug|x64
		{8F421920-EB27-4165-B001-78FCB5D27090}.Debug|x86.ActiveCfg = Debug|x86
		{8F421920-EB27-4165-B001-78FCB5D27090}.Debug|x86.Build.0 = Debug|x86
		{8F421920-EB27-4165-B001-78FCB5D27090}.Release|Any CPU.ActiveCfg = Release|x64
		{8F421920-EB27-4165-B001-78FCB5D27090}.Release|Any CPU.Build.0 = Release|x64
		{8F421920-EB27-4165-B001-78FCB5D27090}.Release|VMS.ActiveCfg = Release|VMS
		{8F421920-EB27-4165-B001-78FCB5D27090}.Release|VMS.Build.0 = Release|VMS
		{8F421920-EB27-4165-B001-78FCB5D27090}.Release|x64.ActiveCfg = Release|x64
		{8F421920-EB27-4165-B001-78FCB5D27090}.Release|x64.Build.0 = Release|x64
		{8F421920-EB27-4165-B001-78FCB5D27090}.Release|x86.ActiveCfg = Release|x86
		{8F421920-EB27-4165-B001-78FCB5D27090}.Release|x86.Build.0 = Release|x86
		{C78503C8-E2CB-4630-A226-2A6CFC8EEFF1}.Debug|Any CPU.ActiveCfg = Debug|Any CPU
		{C78503C8-E2CB-4630-A226-2A6CFC8EEFF1}.Debug|Any CPU.Build.0 = Debug|Any CPU
		{C78503C8-E2CB-4630-A226-2A6CFC8EEFF1}.Debug|VMS.ActiveCfg = Debug|Any CPU
		{C78503C8-E2CB-4630-A226-2A6CFC8EEFF1}.Debug|VMS.Build.0 = Debug|Any CPU
		{C78503C8-E2CB-4630-A226-2A6CFC8EEFF1}.Debug|x64.ActiveCfg = Debug|Any CPU
		{C78503C8-E2CB-4630-A226-2A6CFC8EEFF1}.Debug|x64.Build.0 = Debug|Any CPU
		{C78503C8-E2CB-4630-A226-2A6CFC8EEFF1}.Debug|x86.ActiveCfg = Debug|x86
		{C78503C8-E2CB-4630-A226-2A6CFC8EEFF1}.Debug|x86.Build.0 = Debug|x86
		{C78503C8-E2CB-4630-A226-2A6CFC8EEFF1}.Release|Any CPU.ActiveCfg = Release|Any CPU
		{C78503C8-E2CB-4630-A226-2A6CFC8EEFF1}.Release|Any CPU.Build.0 = Release|Any CPU
		{C78503C8-E2CB-4630-A226-2A6CFC8EEFF1}.Release|VMS.ActiveCfg = Release|Any CPU
		{C78503C8-E2CB-4630-A226-2A6CFC8EEFF1}.Release|VMS.Build.0 = Release|Any CPU
		{C78503C8-E2CB-4630-A226-2A6CFC8EEFF1}.Release|x64.ActiveCfg = Release|Any CPU
		{C78503C8-E2CB-4630-A226-2A6CFC8EEFF1}.Release|x64.Build.0 = Release|Any CPU
		{C78503C8-E2CB-4630-A226-2A6CFC8EEFF1}.Release|x86.ActiveCfg = Release|x86
		{C78503C8-E2CB-4630-A226-2A6CFC8EEFF1}.Release|x86.Build.0 = Release|x86
	EndGlobalSection
	GlobalSection(SolutionProperties) = preSolution
		HideSolutionNode = FALSE
	EndGlobalSection
EndGlobal
